
Microsoft Visual Studio Solution File, Format Version 12.00
# Visual Studio 15
VisualStudioVersion = 15.0.26730.8
MinimumVisualStudioVersion = 10.0.40219.1
Project("{9A19103F-16F7-4668-BE54-9A1E7A4F7556}") = "NesRomLoader", "NesRomLoader\NesRomLoader.csproj", "{BA4788F8-BFAF-48F7-9DB7-313C1AB89CC1}"
EndProject
Project("{9A19103F-16F7-4668-BE54-9A1E7A4F7556}") = "NesRomWriter", "NesRomWriter\NesRomWriter.csproj", "{07AD9619-10E4-46A2-AD3D-8190B83EE294}"
EndProject
Global
	GlobalSection(SolutionConfigurationPlatforms) = preSolution
		Debug|Any CPU = Debug|Any CPU
		Release|Any CPU = Release|Any CPU
	EndGlobalSection
	GlobalSection(ProjectConfigurationPlatforms) = postSolution
		{BA4788F8-BFAF-48F7-9DB7-313C1AB89CC1}.Debug|Any CPU.ActiveCfg = Debug|Any CPU
		{BA4788F8-BFAF-48F7-9DB7-313C1AB89CC1}.Debug|Any CPU.Build.0 = Debug|Any CPU
		{BA4788F8-BFAF-48F7-9DB7-313C1AB89CC1}.Release|Any CPU.ActiveCfg = Release|Any CPU
		{BA4788F8-BFAF-48F7-9DB7-313C1AB89CC1}.Release|Any CPU.Build.0 = Release|Any CPU
		{07AD9619-10E4-46A2-AD3D-8190B83EE294}.Debug|Any CPU.ActiveCfg = Debug|Any CPU
		{07AD9619-10E4-46A2-AD3D-8190B83EE294}.Debug|Any CPU.Build.0 = Debug|Any CPU
		{07AD9619-10E4-46A2-AD3D-8190B83EE294}.Release|Any CPU.ActiveCfg = Release|Any CPU
		{07AD9619-10E4-46A2-AD3D-8190B83EE294}.Release|Any CPU.Build.0 = Release|Any CPU
	EndGlobalSection
	GlobalSection(SolutionProperties) = preSolution
		HideSolutionNode = FALSE
	EndGlobalSection
	GlobalSection(ExtensibilityGlobals) = postSolution
		SolutionGuid = {A251B189-C9ED-4C56-BCBE-F51070B9C10F}
	EndGlobalSection
EndGlobal
